<?xml version="1.0" encoding="utf-8"?>
<Project ToolsVersion="18.0" xmlns="http://schemas.microsoft.com/developer/msbuild/2003">
  <ItemGroup>
    <ClCompile Include="C:\source\OpenAudio\examples\equalizer\source\AudioInputDebugView.cpp">
      <Filter>Source Files</Filter>
    </ClCompile>
    <ClCompile Include="C:\source\OpenAudio\examples\equalizer\source\AudioInputListener.cpp">
      <Filter>Source Files</Filter>
    </ClCompile>
    <ClCompile Include="C:\source\OpenAudio\examples\equalizer\source\AudioSettingsComponent.cpp">
      <Filter>Source Files</Filter>
    </ClCompile>
    <ClCompile Include="C:\source\OpenAudio\examples\equalizer\source\DebugComponent.cpp">
      <Filter>Source Files</Filter>
    </ClCompile>
    <ClCompile Include="C:\source\OpenAudio\examples\equalizer\source\LiveScrollingAudioDisplay.cpp">
      <Filter>Source Files</Filter>
    </ClCompile>
    <ClCompile Include="C:\source\OpenAudio\examples\equalizer\source\Main.cpp">
      <Filter>Source Files</Filter>
    </ClCompile>
    <ClCompile Include="C:\source\OpenAudio\examples\equalizer\source\MainComponent.cpp">
      <Filter>Source Files</Filter>
    </ClCompile>
    <ClCompile Include="C:\source\OpenAudio\examples\equalizer\source\MainMenuComponent.cpp">
      <Filter>Source Files</Filter>
    </ClCompile>
    <ClCompile Include="C:\source\OpenAudio\examples\equalizer\source\MainMenuModel.cpp">
      <Filter>Source Files</Filter>
    </ClCompile>
    <ClCompile Include="C:\source\OpenAudio\examples\equalizer\source\EqualizerEditor.cpp">
      <Filter>Source Files</Filter>
    </ClCompile>
    <ClCompile Include="C:\source\OpenAudio\examples\equalizer\source\EqualizerProcessor.cpp">
      <Filter>Source Files</Filter>
    </ClCompile>
    <ClCompile Include="\source\OpenAudio\libs\JUCE\install\include\JUCE-8.0.10\modules\juce_gui_extra\juce_gui_extra.cpp">
      <Filter>Source Files</Filter>
    </ClCompile>
    <ClCompile Include="\source\OpenAudio\libs\JUCE\install\include\JUCE-8.0.10\modules\juce_gui_basics\juce_gui_basics.cpp">
      <Filter>Source Files</Filter>
    </ClCompile>
    <ClCompile Include="\source\OpenAudio\libs\JUCE\install\include\JUCE-8.0.10\modules\juce_graphics\juce_graphics.cpp">
      <Filter>Source Files</Filter>
    </ClCompile>
    <ClCompile Include="\source\OpenAudio\libs\JUCE\install\include\JUCE-8.0.10\modules\juce_graphics\juce_graphics_Harfbuzz.cpp">
      <Filter>Source Files</Filter>
    </ClCompile>
    <ClCompile Include="\source\OpenAudio\libs\JUCE\install\include\JUCE-8.0.10\modules\juce_graphics\juce_graphics_Sheenbidi.c">
      <Filter>Source Files</Filter>
    </ClCompile>
    <ClCompile Include="\source\OpenAudio\libs\JUCE\install\include\JUCE-8.0.10\modules\juce_events\juce_events.cpp">
      <Filter>Source Files</Filter>
    </ClCompile>
    <ClCompile Include="\source\OpenAudio\libs\JUCE\install\include\JUCE-8.0.10\modules\juce_core\juce_core.cpp">
      <Filter>Source Files</Filter>
    </ClCompile>
    <ClCompile Include="\source\OpenAudio\libs\JUCE\install\include\JUCE-8.0.10\modules\juce_core\juce_core_CompilationTime.cpp">
      <Filter>Source Files</Filter>
    </ClCompile>
    <ClCompile Include="\source\OpenAudio\libs\JUCE\install\include\JUCE-8.0.10\modules\juce_data_structures\juce_data_structures.cpp">
      <Filter>Source Files</Filter>
    </ClCompile>
    <ClCompile Include="\source\OpenAudio\libs\JUCE\install\include\JUCE-8.0.10\modules\juce_audio_devices\juce_audio_devices.cpp">
      <Filter>Source Files</Filter>
    </ClCompile>
    <ClCompile Include="\source\OpenAudio\libs\JUCE\install\include\JUCE-8.0.10\modules\juce_audio_basics\juce_audio_basics.cpp">
      <Filter>Source Files</Filter>
    </ClCompile>
    <ClCompile Include="\source\OpenAudio\libs\JUCE\install\include\JUCE-8.0.10\modules\juce_audio_utils\juce_audio_utils.cpp">
      <Filter>Source Files</Filter>
    </ClCompile>
    <ClCompile Include="\source\OpenAudio\libs\JUCE\install\include\JUCE-8.0.10\modules\juce_audio_processors\juce_audio_processors.cpp">
      <Filter>Source Files</Filter>
    </ClCompile>
    <ClCompile Include="\source\OpenAudio\libs\JUCE\install\include\JUCE-8.0.10\modules\juce_audio_processors\juce_audio_processors_ara.cpp">
      <Filter>Source Files</Filter>
    </ClCompile>
    <ClCompile Include="\source\OpenAudio\libs\JUCE\install\include\JUCE-8.0.10\modules\juce_audio_processors\juce_audio_processors_lv2_libs.cpp">
      <Filter>Source Files</Filter>
    </ClCompile>
    <ClCompile Include="\source\OpenAudio\libs\JUCE\install\include\JUCE-8.0.10\modules\juce_audio_formats\juce_audio_formats.cpp">
      <Filter>Source Files</Filter>
    </ClCompile>
  </ItemGroup>
  <ItemGroup>
    <ClInclude Include="C:\source\OpenAudio\juce-install\examples\equalizer\EQUALIZER_EXAMPLE_artefacts\JuceLibraryCode\JuceHeader.h">
      <Filter>Header Files</Filter>
    </ClInclude>
    <ClInclude Include="C:\source\OpenAudio\examples\equalizer\include\AudioInputDebugView.h">
      <Filter>Header Files</Filter>
    </ClInclude>
    <ClInclude Include="C:\source\OpenAudio\examples\equalizer\include\AudioInputListener.h">
      <Filter>Header Files</Filter>
    </ClInclude>
    <ClInclude Include="C:\source\OpenAudio\examples\equalizer\include\AudioSettingsComponent.h">
      <Filter>Header Files</Filter>
    </ClInclude>
    <ClInclude Include="C:\source\OpenAudio\examples\equalizer\include\DebugComponent.h">
      <Filter>Header Files</Filter>
    </ClInclude>
    <ClInclude Include="C:\source\OpenAudio\examples\equalizer\include\LiveScrollingAudioDisplay.h">
      <Filter>Header Files</Filter>
    </ClInclude>
    <ClInclude Include="C:\source\OpenAudio\examples\equalizer\include\MainMenuComponent.h">
      <Filter>Header Files</Filter>
    </ClInclude>
    <ClInclude Include="C:\source\OpenAudio\examples\equalizer\include\MainComponent.h">
      <Filter>Header Files</Filter>
    </ClInclude>
    <ClInclude Include="C:\source\OpenAudio\examples\equalizer\include\MainMenuModel.h">
      <Filter>Header Files</Filter>
    </ClInclude>
    <ClInclude Include="C:\source\OpenAudio\examples\equalizer\include\EqualizerEditor.h">
      <Filter>Header Files</Filter>
    </ClInclude>
    <ClInclude Include="C:\source\OpenAudio\examples\equalizer\include\EqualizerProcessor.h">
      <Filter>Header Files</Filter>
    </ClInclude>
  </ItemGroup>
  <ItemGroup>
    <CustomBuild Include="C:\source\OpenAudio\juce-install\CMakeFiles\ef68d3f2d576594fd9fc2d26e01f251b\JuceHeader.h.rule">
      <Filter>CMake Rules</Filter>
    </CustomBuild>
    <CustomBuild Include="C:\source\OpenAudio\examples\equalizer\CMakeLists.txt" />
  </ItemGroup>
  <ItemGroup>
    <Object Include="C:\source\OpenAudio\juce-install\examples\equalizer\EQUALIZER_EXAMPLE_rc_lib.dir\$(Configuration)\EQUALIZER_EXAMPLE_resources.res">
      <Filter>Object Libraries</Filter>
    </Object>
  </ItemGroup>
  <ItemGroup>
    <Filter Include="CMake Rules">
      <UniqueIdentifier>{7B4F4E09-20E8-3797-AD8A-E01E5F164C82}</UniqueIdentifier>
    </Filter>
    <Filter Include="Header Files">
      <UniqueIdentifier>{98E19540-DAF3-327B-A292-38501B263E66}</UniqueIdentifier>
    </Filter>
    <Filter Include="Object Libraries">
      <UniqueIdentifier>{CFB6BFB9-7F9F-38B8-BD7A-720B18914777}</UniqueIdentifier>
    </Filter>
    <Filter Include="Source Files">
      <UniqueIdentifier>{EA6A8AD5-DCAC-3645-8EE5-618E9CE1FF0B}</UniqueIdentifier>
    </Filter>
  </ItemGroup>
</Project>
