<?xml version="1.0" encoding="utf-8"?>
<Project ToolsVersion="18.0" xmlns="http://schemas.microsoft.com/developer/msbuild/2003">
  <ItemGroup>
    <CustomBuild Include="C:\source\OpenAudio\juce-install\CMakeFiles\b80b819ec087b02b973ca1e8a88543b1\generate.stamp.rule">
      <Filter>CMake Rules</Filter>
    </CustomBuild>
  </ItemGroup>
  <ItemGroup>
    <Filter Include="CMake Rules">
      <UniqueIdentifier>{7B4F4E09-20E8-3797-AD8A-E01E5F164C82}</UniqueIdentifier>
    </Filter>
  </ItemGroup>
</Project>
